
Microsoft Visual Studio Solution File, Format Version 12.00
# Visual Studio Version 16
VisualStudioVersion = 16.0.31727.386
MinimumVisualStudioVersion = 10.0.40219.1
Project("{2150E333-8FDC-42A3-9474-1A3956D46DE8}") = "Automatinis testavimas", "Automatinis testavimas", "{EC8CF224-67CD-4938-8D1C-F7AD5E21A4BC}"
EndProject
Project("{FAE04EC0-301F-11D3-BF4B-00C04F79EFBC}") = "ClassLibrary4", "ClassLibrary4\ClassLibrary4.csproj", "{D89378EC-2B10-4077-8A9F-AEF3EC3576B7}"
EndProject
Project("{2150E333-8FDC-42A3-9474-1A3956D46DE8}") = "TestFolder", "TestFolder", "{F80B9A6D-9E45-4249-B323-3C1DDB07CA47}"
	ProjectSection(SolutionItems) = preProject
		..\..\..\OneDrive\Stalinis kompiuteris\TS1.cs = ..\..\..\OneDrive\Stalinis kompiuteris\TS1.cs
	EndProjectSection
EndProject
Project("{2150E333-8FDC-42A3-9474-1A3956D46DE8}") = "TaxPage", "TaxPage", "{611577D6-8068-4239-BB45-F9E48ACA4C29}"
EndProject
Project("{FAE04EC0-301F-11D3-BF4B-00C04F79EFBC}") = "ClassVSC", "ClassVSC\ClassVSC.csproj", "{79EE50C0-A2E8-4A04-87FB-9D7960E26B0A}"
EndProject
Project("{2150E333-8FDC-42A3-9474-1A3956D46DE8}") = "TaxTest", "TaxTest", "{A116B8E1-1F7B-4172-9944-4E7775020114}"
EndProject
Project("{FAE04EC0-301F-11D3-BF4B-00C04F79EFBC}") = "TaxTest", "TaxTest\TaxTest.csproj", "{189513BF-660D-4ACB-AE43-408B7B7694F9}"
EndProject
Global
	GlobalSection(SolutionConfigurationPlatforms) = preSolution
		Debug|Any CPU = Debug|Any CPU
		Release|Any CPU = Release|Any CPU
	EndGlobalSection
	GlobalSection(ProjectConfigurationPlatforms) = postSolution
		{D89378EC-2B10-4077-8A9F-AEF3EC3576B7}.Debug|Any CPU.ActiveCfg = Debug|Any CPU
		{D89378EC-2B10-4077-8A9F-AEF3EC3576B7}.Debug|Any CPU.Build.0 = Debug|Any CPU
		{D89378EC-2B10-4077-8A9F-AEF3EC3576B7}.Release|Any CPU.ActiveCfg = Release|Any CPU
		{D89378EC-2B10-4077-8A9F-AEF3EC3576B7}.Release|Any CPU.Build.0 = Release|Any CPU
		{79EE50C0-A2E8-4A04-87FB-9D7960E26B0A}.Debug|Any CPU.ActiveCfg = Debug|Any CPU
		{79EE50C0-A2E8-4A04-87FB-9D7960E26B0A}.Debug|Any CPU.Build.0 = Debug|Any CPU
		{79EE50C0-A2E8-4A04-87FB-9D7960E26B0A}.Release|Any CPU.ActiveCfg = Release|Any CPU
		{79EE50C0-A2E8-4A04-87FB-9D7960E26B0A}.Release|Any CPU.Build.0 = Release|Any CPU
		{189513BF-660D-4ACB-AE43-408B7B7694F9}.Debug|Any CPU.ActiveCfg = Debug|Any CPU
		{189513BF-660D-4ACB-AE43-408B7B7694F9}.Debug|Any CPU.Build.0 = Debug|Any CPU
		{189513BF-660D-4ACB-AE43-408B7B7694F9}.Release|Any CPU.ActiveCfg = Release|Any CPU
		{189513BF-660D-4ACB-AE43-408B7B7694F9}.Release|Any CPU.Build.0 = Release|Any CPU
	EndGlobalSection
	GlobalSection(SolutionProperties) = preSolution
		HideSolutionNode = FALSE
	EndGlobalSection
	GlobalSection(NestedProjects) = preSolution
		{D89378EC-2B10-4077-8A9F-AEF3EC3576B7} = {EC8CF224-67CD-4938-8D1C-F7AD5E21A4BC}
		{F80B9A6D-9E45-4249-B323-3C1DDB07CA47} = {EC8CF224-67CD-4938-8D1C-F7AD5E21A4BC}
		{611577D6-8068-4239-BB45-F9E48ACA4C29} = {EC8CF224-67CD-4938-8D1C-F7AD5E21A4BC}
		{79EE50C0-A2E8-4A04-87FB-9D7960E26B0A} = {611577D6-8068-4239-BB45-F9E48ACA4C29}
		{A116B8E1-1F7B-4172-9944-4E7775020114} = {611577D6-8068-4239-BB45-F9E48ACA4C29}
		{189513BF-660D-4ACB-AE43-408B7B7694F9} = {A116B8E1-1F7B-4172-9944-4E7775020114}
	EndGlobalSection
	GlobalSection(ExtensibilityGlobals) = postSolution
		SolutionGuid = {73133823-1887-4DE6-9DB1-E47C3165686F}
	EndGlobalSection
EndGlobal
